// !$*UTF8*$!
{
	archiveVersion = 1;
	classes = {
	};
	objectVersion = 77;
	objects = {

/* Begin PBXBuildFile section */
		383A22792F6F2E0D00ABD711 /* PhoneNumberKit in Frameworks */ = {isa = PBXBuildFile; productRef = 383A22782F6F2E0D00ABD711 /* PhoneNumberKit */; };
/* End PBXBuildFile section */

/* Begin PBXContainerItemProxy section */
		385DCF552F6C4FB600EAEDFF /* PBXContainerItemProxy */ = {
			isa = PBXContainerItemProxy;
			containerPortal = 385DCF3D2F6C4FB500EAEDFF /* Project object */;
			proxyType = 1;
			remoteGlobalIDString = 385DCF442F6C4FB500EAEDFF;
			remoteInfo = Lyrics;
		};
		385DCF5F2F6C4FB600EAEDFF /* PBXContainerItemProxy */ = {
			isa = PBXContainerItemProxy;
			containerPortal = 385DCF3D2F6C4FB500EAEDFF /* Project object */;
			proxyType = 1;
			remoteGlobalIDString = 385DCF442F6C4FB500EAEDFF;
			remoteInfo = Lyrics;
		};
/* End PBXContainerItemProxy section */

/* Begin PBXCopyFilesBuildPhase section */
		383A22862F6F49B300ABD711 /* Embed Frameworks */ = {
			isa = PBXCopyFilesBuildPhase;
			buildActionMask = 2147483647;
			dstPath = "";
			dstSubfolderSpec = 10;
			files = (
			);
			name = "Embed Frameworks";
			runOnlyForDeploymentPostprocessing = 0;
		};
/* End PBXCopyFilesBuildPhase section */

/* Begin PBXFileReference section */
		385DCF452F6C4FB500EAEDFF /* Lyrics.app */ = {isa = PBXFileReference; explicitFileType = wrapper.application; includeInIndex = 0; path = Lyrics.app; sourceTree = BUILT_PRODUCTS_DIR; };
		385DCF542F6C4FB600EAEDFF /* LyricsTests.xctest */ = {isa = PBXFileReference; explicitFileType = wrapper.cfbundle; includeInIndex = 0; path = LyricsTests.xctest; sourceTree = BUILT_PRODUCTS_DIR; };
		385DCF5E2F6C4FB600EAEDFF /* LyricsUITests.xctest */ = {isa = PBXFileReference; explicitFileType = wrapper.cfbundle; includeInIndex = 0; path = LyricsUITests.xctest; sourceTree = BUILT_PRODUCTS_DIR; };
/* End PBXFileReference section */

/* Begin PBXFileSystemSynchronizedBuildFileExceptionSet section */
		383A22832F6F473E00ABD711 /* Exceptions for "Lyrics" folder in "Lyrics" target */ = {
			isa = PBXFileSystemSynchronizedBuildFileExceptionSet;
			membershipExceptions = (
				Info.plist,
			);
			target = 385DCF442F6C4FB500EAEDFF /* Lyrics */;
		};
/* End PBXFileSystemSynchronizedBuildFileExceptionSet section */

/* Begin PBXFileSystemSynchronizedRootGroup section */
		385DCF472F6C4FB500EAEDFF /* Lyrics */ = {
			isa = PBXFileSystemSynchronizedRootGroup;
			exceptions = (
				383A22832F6F473E00ABD711 /* Exceptions for "Lyrics" folder in "Lyrics" target */,
			);
			path = Lyrics;
			sourceTree = "<group>";
		};
		385DCF572F6C4FB600EAEDFF /* LyricsTests */ = {
			isa = PBXFileSystemSynchronizedRootGroup;
			path = LyricsTests;
			sourceTree = "<group>";
		};
		385DCF612F6C4FB600EAEDFF /* LyricsUITests */ = {
			isa = PBXFileSystemSynchronizedRootGroup;
			path = LyricsUITests;
			sourceTree = "<group>";
		};
/* End PBXFileSystemSynchronizedRootGroup section */

/* Begin PBXFrameworksBuildPhase section */
		385DCF422F6C4FB500EAEDFF /* Frameworks */ = {
			isa = PBXFrameworksBuildPhase;
			buildActionMask = 2147483647;
			files = (
				383A22792F6F2E0D00ABD711 /* PhoneNumberKit in Frameworks */,
			);
			runOnlyForDeploymentPostprocessing = 0;
		};
		385DCF512F6C4FB600EAEDFF /* Frameworks */ = {
			isa = PBXFrameworksBuildPhase;
			buildActionMask = 2147483647;
			files = (
			);
			runOnlyForDeploymentPostprocessing = 0;
		};
		385DCF5B2F6C4FB600EAEDFF /* Frameworks */ = {
			isa = PBXFrameworksBuildPhase;
			buildActionMask = 2147483647;
			files = (
			);
			runOnlyForDeploymentPostprocessing = 0;
		};
/* End PBXFrameworksBuildPhase section */

/* Begin PBXGroup section */
		383A22772F6F2E0D00ABD711 /* Frameworks */ = {
			isa = PBXGroup;
			children = (
			);
			name = Frameworks;
			sourceTree = "<group>";
		};
		385DCF3C2F6C4FB500EAEDFF = {
			isa = PBXGroup;
			children = (
				385DCF472F6C4FB500EAEDFF /* Lyrics */,
				385DCF572F6C4FB600EAEDFF /* LyricsTests */,
				385DCF612F6C4FB600EAEDFF /* LyricsUITests */,
				383A22772F6F2E0D00ABD711 /* Frameworks */,
				385DCF462F6C4FB500EAEDFF /* Products */,
			);
			sourceTree = "<group>";
		};
		385DCF462F6C4FB500EAEDFF /* Products */ = {
			isa = PBXGroup;
			children = (
				385DCF452F6C4FB500EAEDFF /* Lyrics.app */,
				385DCF542F6C4FB600EAEDFF /* LyricsTests.xctest */,
				385DCF5E2F6C4FB600EAEDFF /* LyricsUITests.xctest */,
			);
			name = Products;
			sourceTree = "<group>";
		};
/* End PBXGroup section */

/* Begin PBXNativeTarget section */
		385DCF442F6C4FB500EAEDFF /* Lyrics */ = {
			isa = PBXNativeTarget;
			buildConfigurationList = 385DCF682F6C4FB700EAEDFF /* Build configuration list for PBXNativeTarget "Lyrics" */;
			buildPhases = (
				385DCF412F6C4FB500EAEDFF /* Sources */,
				385DCF422F6C4FB500EAEDFF /* Frameworks */,
				385DCF432F6C4FB500EAEDFF /* Resources */,
				383A22862F6F49B300ABD711 /* Embed Frameworks */,
			);
			buildRules = (
			);
			dependencies = (
				3806576E2F9A9A6F00023D73 /* PBXTargetDependency */,
			);
			fileSystemSynchronizedGroups = (
				385DCF472F6C4FB500EAEDFF /* Lyrics */,
			);
			name = Lyrics;
			packageProductDependencies = (
				383A22782F6F2E0D00ABD711 /* PhoneNumberKit */,
			);
			productName = Lyrics;
			productReference = 385DCF452F6C4FB500EAEDFF /* Lyrics.app */;
			productType = "com.apple.product-type.application";
		};
		385DCF532F6C4FB600EAEDFF /* LyricsTests */ = {
			isa = PBXNativeTarget;
			buildConfigurationList = 385DCF6B2F6C4FB700EAEDFF /* Build configuration list for PBXNativeTarget "LyricsTests" */;
			buildPhases = (
				385DCF502F6C4FB600EAEDFF /* Sources */,
				385DCF512F6C4FB600EAEDFF /* Frameworks */,
				385DCF522F6C4FB600EAEDFF /* Resources */,
			);
			buildRules = (
			);
			dependencies = (
				385DCF562F6C4FB600EAEDFF /* PBXTargetDependency */,
			);
			fileSystemSynchronizedGroups = (
				385DCF572F6C4FB600EAEDFF /* LyricsTests */,
			);
			name = LyricsTests;
			packageProductDependencies = (
			);
			productName = LyricsTests;
			productReference = 385DCF542F6C4FB600EAEDFF /* LyricsTests.xctest */;
			productType = "com.apple.product-type.bundle.unit-test";
		};
		385DCF5D2F6C4FB600EAEDFF /* LyricsUITests */ = {
			isa = PBXNativeTarget;
			buildConfigurationList = 385DCF6E2F6C4FB700EAEDFF /* Build configuration list for PBXNativeTarget "LyricsUITests" */;
			buildPhases = (
				385DCF5A2F6C4FB600EAEDFF /* Sources */,
				385DCF5B2F6C4FB600EAEDFF /* Frameworks */,
				385DCF5C2F6C4FB600EAEDFF /* Resources */,
			);
			buildRules = (
			);
			dependencies = (
				385DCF602F6C4FB600EAEDFF /* PBXTargetDependency */,
			);
			fileSystemSynchronizedGroups = (
				385DCF612F6C4FB600EAEDFF /* LyricsUITests */,
			);
			name = LyricsUITests;
			packageProductDependencies = (
			);
			productName = LyricsUITests;
			productReference = 385DCF5E2F6C4FB600EAEDFF /* LyricsUITests.xctest */;
			productType = "com.apple.product-type.bundle.ui-testing";
		};
/* End PBXNativeTarget section */

/* Begin PBXProject section */
		385DCF3D2F6C4FB500EAEDFF /* Project object */ = {
			isa = PBXProject;
			attributes = {
				BuildIndependentTargetsInParallel = 1;
				LastSwiftUpdateCheck = 2620;
				LastUpgradeCheck = 2620;
				TargetAttributes = {
					385DCF442F6C4FB500EAEDFF = {
						CreatedOnToolsVersion = 26.2;
					};
					385DCF532F6C4FB600EAEDFF = {
						CreatedOnToolsVersion = 26.2;
						TestTargetID = 385DCF442F6C4FB500EAEDFF;
					};
					385DCF5D2F6C4FB600EAEDFF = {
						CreatedOnToolsVersion = 26.2;
						TestTargetID = 385DCF442F6C4FB500EAEDFF;
					};
				};
			};
			buildConfigurationList = 385DCF402F6C4FB500EAEDFF /* Build configuration list for PBXProject "Lyrics" */;
			developmentRegion = en;
			hasScannedForEncodings = 0;
			knownRegions = (
				en,
				Base,
			);
			mainGroup = 385DCF3C2F6C4FB500EAEDFF;
			minimizedProjectReferenceProxies = 1;
			packageReferences = (
				383A22762F6F29E600ABD711 /* XCRemoteSwiftPackageReference "PhoneNumberKit" */,
			);
			preferredProjectObjectVersion = 77;
			productRefGroup = 385DCF462F6C4FB500EAEDFF /* Products */;
			projectDirPath = "";
			projectRoot = "";
			targets = (
				385DCF442F6C4FB500EAEDFF /* Lyrics */,
				385DCF532F6C4FB600EAEDFF /* LyricsTests */,
				385DCF5D2F6C4FB600EAEDFF /* LyricsUITests */,
			);
		};
/* End PBXProject section */

/* Begin PBXResourcesBuildPhase section */
		385DCF432F6C4FB500EAEDFF /* Resources */ = {
			isa = PBXResourcesBuildPhase;
			buildActionMask = 2147483647;
			files = (
			);
			runOnlyForDeploymentPostprocessing = 0;
		};
		385DCF522F6C4FB600EAEDFF /* Resources */ = {
			isa = PBXResourcesBuildPhase;
			buildActionMask = 2147483647;
			files = (
			);
			runOnlyForDeploymentPostprocessing = 0;
		};
		385DCF5C2F6C4FB600EAEDFF /* Resources */ = {
			isa = PBXResourcesBuildPhase;
			buildActionMask = 2147483647;
			files = (
			);
			runOnlyForDeploymentPostprocessing = 0;
		};
/* End PBXResourcesBuildPhase section */

/* Begin PBXSourcesBuildPhase section */
		385DCF412F6C4FB500EAEDFF /* Sources */ = {
			isa = PBXSourcesBuildPhase;
			buildActionMask = 2147483647;
			files = (
			);
			runOnlyForDeploymentPostprocessing = 0;
		};
		385DCF502F6C4FB600EAEDFF /* Sources */ = {
			isa = PBXSourcesBuildPhase;
			buildActionMask = 2147483647;
			files = (
			);
			runOnlyForDeploymentPostprocessing = 0;
		};
		385DCF5A2F6C4FB600EAEDFF /* Sources */ = {
			isa = PBXSourcesBuildPhase;
			buildActionMask = 2147483647;
			files = (
			);
			runOnlyForDeploymentPostprocessing = 0;
		};
/* End PBXSourcesBuildPhase section */

/* Begin PBXTargetDependency section */
		3806576E2F9A9A6F00023D73 /* PBXTargetDependency */ = {
			isa = PBXTargetDependency;
			productRef = 3806576D2F9A9A6F00023D73 /* PhoneNumberKit */;
		};
		385DCF562F6C4FB600EAEDFF /* PBXTargetDependency */ = {
			isa = PBXTargetDependency;
			target = 385DCF442F6C4FB500EAEDFF /* Lyrics */;
			targetProxy = 385DCF552F6C4FB600EAEDFF /* PBXContainerItemProxy */;
		};
		385DCF602F6C4FB600EAEDFF /* PBXTargetDependency */ = {
			isa = PBXTargetDependency;
			target = 385DCF442F6C4FB500EAEDFF /* Lyrics */;
			targetProxy = 385DCF5F2F6C4FB600EAEDFF /* PBXContainerItemProxy */;
		};
/* End PBXTargetDependency section */

/* Begin XCBuildConfiguration section */
		385DCF662F6C4FB600EAEDFF /* Debug */ = {
			isa = XCBuildConfiguration;
			buildSettings = {
				ALWAYS_SEARCH_USER_PATHS = NO;
				ASSETCATALOG_COMPILER_GENERATE_SWIFT_ASSET_SYMBOL_EXTENSIONS = YES;
				CLANG_ANALYZER_NONNULL = YES;
				CLANG_ANALYZER_NUMBER_OBJECT_CONVERSION = YES_AGGRESSIVE;
				CLANG_CXX_LANGUAGE_STANDARD = "gnu++20";
				CLANG_ENABLE_MODULES = YES;
				CLANG_ENABLE_OBJC_ARC = YES;
				CLANG_ENABLE_OBJC_WEAK = YES;
				CLANG_WARN_BLOCK_CAPTURE_AUTORELEASING = YES;
				CLANG_WARN_BOOL_CONVERSION = YES;
				CLANG_WARN_COMMA = YES;
				CLANG_WARN_CONSTANT_CONVERSION = YES;
				CLANG_WARN_DEPRECATED_OBJC_IMPLEMENTATIONS = YES;
				CLANG_WARN_DIRECT_OBJC_ISA_USAGE = YES_ERROR;
				CLANG_WARN_DOCUMENTATION_COMMENTS = YES;
				CLANG_WARN_EMPTY_BODY = YES;
				CLANG_WARN_ENUM_CONVERSION = YES;
				CLANG_WARN_INFINITE_RECURSION = YES;
				CLANG_WARN_INT_CONVERSION = YES;
				CLANG_WARN_NON_LITERAL_NULL_CONVERSION = YES;
				CLANG_WARN_OBJC_IMPLICIT_RETAIN_SELF = YES;
				CLANG_WARN_OBJC_LITERAL_CONVERSION = YES;
				CLANG_WARN_OBJC_ROOT_CLASS = YES_ERROR;
				CLANG_WARN_QUOTED_INCLUDE_IN_FRAMEWORK_HEADER = YES;
				CLANG_WARN_RANGE_LOOP_ANALYSIS = YES;
				CLANG_WARN_STRICT_PROTOTYPES = YES;
				CLANG_WARN_SUSPICIOUS_MOVE = YES;
				CLANG_WARN_UNGUARDED_AVAILABILITY = YES_AGGRESSIVE;
				CLANG_WARN_UNREACHABLE_CODE = YES;
				CLANG_WARN__DUPLICATE_METHOD_MATCH = YES;
				COPY_PHASE_STRIP = NO;
				DEBUG_INFORMATION_FORMAT = dwarf;
				DEVELOPMENT_TEAM = Z8CZW36WQZ;
				ENABLE_STRICT_OBJC_MSGSEND = YES;
				ENABLE_TESTABILITY = YES;
				ENABLE_USER_SCRIPT_SANDBOXING = YES;
				GCC_C_LANGUAGE_STANDARD = gnu17;
				GCC_DYNAMIC_NO_PIC = NO;
				GCC_NO_COMMON_BLOCKS = YES;
				GCC_OPTIMIZATION_LEVEL = 0;
				GCC_PREPROCESSOR_DEFINITIONS = (
					"DEBUG=1",
					"$(inherited)",
				);
				GCC_WARN_64_TO_32_BIT_CONVERSION = YES;
				GCC_WARN_ABOUT_RETURN_TYPE = YES_ERROR;
				GCC_WARN_UNDECLARED_SELECTOR = YES;
				GCC_WARN_UNINITIALIZED_AUTOS = YES_AGGRESSIVE;
				GCC_WARN_UNUSED_FUNCTION = YES;
				GCC_WARN_UNUSED_VARIABLE = YES;
				IPHONEOS_DEPLOYMENT_TARGET = 26.2;
				LOCALIZATION_PREFERS_STRING_CATALOGS = YES;
				MTL_ENABLE_DEBUG_INFO = INCLUDE_SOURCE;
				MTL_FAST_MATH = YES;
				ONLY_ACTIVE_ARCH = YES;
				SDKROOT = iphoneos;
				SWIFT_ACTIVE_COMPILATION_CONDITIONS = "DEBUG $(inherited)";
				SWIFT_OPTIMIZATION_LEVEL = "-Onone";
			};
			name = Debug;
		};
		385DCF672F6C4FB600EAEDFF /* Release */ = {
			isa = XCBuildConfiguration;
			buildSettings = {
				ALWAYS_SEARCH_USER_PATHS = NO;
				ASSETCATALOG_COMPILER_GENERATE_SWIFT_ASSET_SYMBOL_EXTENSIONS = YES;
				CLANG_ANALYZER_NONNULL = YES;
				CLANG_ANALYZER_NUMBER_OBJECT_CONVERSION = YES_AGGRESSIVE;
				CLANG_CXX_LANGUAGE_STANDARD = "gnu++20";
				CLANG_ENABLE_MODULES = YES;
				CLANG_ENABLE_OBJC_ARC = YES;
				CLANG_ENABLE_OBJC_WEAK = YES;
				CLANG_WARN_BLOCK_CAPTURE_AUTORELEASING = YES;
				CLANG_WARN_BOOL_CONVERSION = YES;
				CLANG_WARN_COMMA = YES;
				CLANG_WARN_CONSTANT_CONVERSION = YES;
				CLANG_WARN_DEPRECATED_OBJC_IMPLEMENTATIONS = YES;
				CLANG_WARN_DIRECT_OBJC_ISA_USAGE = YES_ERROR;
				CLANG_WARN_DOCUMENTATION_COMMENTS = YES;
				CLANG_WARN_EMPTY_BODY = YES;
				CLANG_WARN_ENUM_CONVERSION = YES;
				CLANG_WARN_INFINITE_RECURSION = YES;
				CLANG_WARN_INT_CONVERSION = YES;
				CLANG_WARN_NON_LITERAL_NULL_CONVERSION = YES;
				CLANG_WARN_OBJC_IMPLICIT_RETAIN_SELF = YES;
				CLANG_WARN_OBJC_LITERAL_CONVERSION = YES;
				CLANG_WARN_OBJC_ROOT_CLASS = YES_ERROR;
				CLANG_WARN_QUOTED_INCLUDE_IN_FRAMEWORK_HEADER = YES;
				CLANG_WARN_RANGE_LOOP_ANALYSIS = YES;
				CLANG_WARN_STRICT_PROTOTYPES = YES;
				CLANG_WARN_SUSPICIOUS_MOVE = YES;
				CLANG_WARN_UNGUARDED_AVAILABILITY = YES_AGGRESSIVE;
				CLANG_WARN_UNREACHABLE_CODE = YES;
				CLANG_WARN__DUPLICATE_METHOD_MATCH = YES;
				COPY_PHASE_STRIP = NO;
				DEBUG_INFORMATION_FORMAT = "dwarf-with-dsym";
				DEVELOPMENT_TEAM = Z8CZW36WQZ;
				ENABLE_NS_ASSERTIONS = NO;
				ENABLE_STRICT_OBJC_MSGSEND = YES;
				ENABLE_USER_SCRIPT_SANDBOXING = YES;
				GCC_C_LANGUAGE_STANDARD = gnu17;
				GCC_NO_COMMON_BLOCKS = YES;
				GCC_WARN_64_TO_32_BIT_CONVERSION = YES;
				GCC_WARN_ABOUT_RETURN_TYPE = YES_ERROR;
				GCC_WARN_UNDECLARED_SELECTOR = YES;
				GCC_WARN_UNINITIALIZED_AUTOS = YES_AGGRESSIVE;
				GCC_WARN_UNUSED_FUNCTION = YES;
				GCC_WARN_UNUSED_VARIABLE = YES;
				IPHONEOS_DEPLOYMENT_TARGET = 26.2;
				LOCALIZATION_PREFERS_STRING_CATALOGS = YES;
				MTL_ENABLE_DEBUG_INFO = NO;
				MTL_FAST_MATH = YES;
				SDKROOT = iphoneos;
				SWIFT_COMPILATION_MODE = wholemodule;
				VALIDATE_PRODUCT = YES;
			};
			name = Release;
		};
		385DCF692F6C4FB700EAEDFF /* Debug */ = {
			isa = XCBuildConfiguration;
			buildSettings = {
				ASSETCATALOG_COMPILER_APPICON_NAME = AppIcon;
				ASSETCATALOG_COMPILER_GLOBAL_ACCENT_COLOR_NAME = AccentColor;
				CODE_SIGN_STYLE = Automatic;
				CURRENT_PROJECT_VERSION = 1;
				DEVELOPMENT_TEAM = Z8CZW36WQZ;
				ENABLE_PREVIEWS = YES;
				GENERATE_INFOPLIST_FILE = YES;
				INFOPLIST_FILE = Lyrics/Info.plist;
				INFOPLIST_KEY_UIApplicationSceneManifest_Generation = YES;
				INFOPLIST_KEY_UIApplicationSupportsIndirectInputEvents = YES;
				INFOPLIST_KEY_UILaunchScreen_Generation = YES;
				INFOPLIST_KEY_UISupportedInterfaceOrientations_iPad = "UIInterfaceOrientationPortrait UIInterfaceOrientationPortraitUpsideDown UIInterfaceOrientationLandscapeLeft UIInterfaceOrientationLandscapeRight";
				INFOPLIST_KEY_UISupportedInterfaceOrientations_iPhone = "UIInterfaceOrientationPortrait UIInterfaceOrientationLandscapeLeft UIInterfaceOrientationLandscapeRight";
				LD_RUNPATH_SEARCH_PATHS = (
					"$(inherited)",
					"@executable_path/Frameworks",
				);
				MARKETING_VERSION = 1.0;
				PRODUCT_BUNDLE_IDENTIFIER = com.GuilhermeViana.Lyrics;
				PRODUCT_NAME = "$(TARGET_NAME)";
				STRING_CATALOG_GENERATE_SYMBOLS = YES;
				SWIFT_APPROACHABLE_CONCURRENCY = YES;
				SWIFT_DEFAULT_ACTOR_ISOLATION = MainActor;
				SWIFT_EMIT_LOC_STRINGS = YES;
				SWIFT_UPCOMING_FEATURE_MEMBER_IMPORT_VISIBILITY = YES;
				SWIFT_VERSION = 5.0;
				TARGETED_DEVICE_FAMILY = "1,2";
			};
			name = Debug;
		};
		385DCF6A2F6C4FB700EAEDFF /* Release */ = {
			isa = XCBuildConfiguration;
			buildSettings = {
				ASSETCATALOG_COMPILER_APPICON_NAME = AppIcon;
				ASSETCATALOG_COMPILER_GLOBAL_ACCENT_COLOR_NAME = AccentColor;
				CODE_SIGN_STYLE = Automatic;
				CURRENT_PROJECT_VERSION = 1;
				DEVELOPMENT_TEAM = Z8CZW36WQZ;
				ENABLE_PREVIEWS = YES;
				GENERATE_INFOPLIST_FILE = YES;
				INFOPLIST_FILE = Lyrics/Info.plist;
				INFOPLIST_KEY_UIApplicationSceneManifest_Generation = YES;
				INFOPLIST_KEY_UIApplicationSupportsIndirectInputEvents = YES;
				INFOPLIST_KEY_UILaunchScreen_Generation = YES;
				INFOPLIST_KEY_UISupportedInterfaceOrientations_iPad = "UIInterfaceOrientationPortrait UIInterfaceOrientationPortraitUpsideDown UIInterfaceOrientationLandscapeLeft UIInterfaceOrientationLandscapeRight";
				INFOPLIST_KEY_UISupportedInterfaceOrientations_iPhone = "UIInterfaceOrientationPortrait UIInterfaceOrientationLandscapeLeft UIInterfaceOrientationLandscapeRight";
				LD_RUNPATH_SEARCH_PATHS = (
					"$(inherited)",
					"@executable_path/Frameworks",
				);
				MARKETING_VERSION = 1.0;
				PRODUCT_BUNDLE_IDENTIFIER = com.GuilhermeViana.Lyrics;
				PRODUCT_NAME = "$(TARGET_NAME)";
				STRING_CATALOG_GENERATE_SYMBOLS = YES;
				SWIFT_APPROACHABLE_CONCURRENCY = YES;
				SWIFT_DEFAULT_ACTOR_ISOLATION = MainActor;
				SWIFT_EMIT_LOC_STRINGS = YES;
				SWIFT_UPCOMING_FEATURE_MEMBER_IMPORT_VISIBILITY = YES;
				SWIFT_VERSION = 5.0;
				TARGETED_DEVICE_FAMILY = "1,2";
			};
			name = Release;
		};
		385DCF6C2F6C4FB700EAEDFF /* Debug */ = {
			isa = XCBuildConfiguration;
			buildSettings = {
				BUNDLE_LOADER = "$(TEST_HOST)";
				CODE_SIGN_STYLE = Automatic;
				CURRENT_PROJECT_VERSION = 1;
				DEVELOPMENT_TEAM = Z8CZW36WQZ;
				GENERATE_INFOPLIST_FILE = YES;
				IPHONEOS_DEPLOYMENT_TARGET = 26.2;
				MARKETING_VERSION = 1.0;
				PRODUCT_BUNDLE_IDENTIFIER = com.GuilhermeViana.LyricsTests;
				PRODUCT_NAME = "$(TARGET_NAME)";
				STRING_CATALOG_GENERATE_SYMBOLS = NO;
				SWIFT_APPROACHABLE_CONCURRENCY = YES;
				SWIFT_EMIT_LOC_STRINGS = NO;
				SWIFT_UPCOMING_FEATURE_MEMBER_IMPORT_VISIBILITY = YES;
				SWIFT_VERSION = 5.0;
				TARGETED_DEVICE_FAMILY = "1,2";
				TEST_HOST = "$(BUILT_PRODUCTS_DIR)/Lyrics.app/$(BUNDLE_EXECUTABLE_FOLDER_PATH)/Lyrics";
			};
			name = Debug;
		};
		385DCF6D2F6C4FB700EAEDFF /* Release */ = {
			isa = XCBuildConfiguration;
			buildSettings = {
				BUNDLE_LOADER = "$(TEST_HOST)";
				CODE_SIGN_STYLE = Automatic;
				CURRENT_PROJECT_VERSION = 1;
				DEVELOPMENT_TEAM = Z8CZW36WQZ;
				GENERATE_INFOPLIST_FILE = YES;
				IPHONEOS_DEPLOYMENT_TARGET = 26.2;
				MARKETING_VERSION = 1.0;
				PRODUCT_BUNDLE_IDENTIFIER = com.GuilhermeViana.LyricsTests;
				PRODUCT_NAME = "$(TARGET_NAME)";
				STRING_CATALOG_GENERATE_SYMBOLS = NO;
				SWIFT_APPROACHABLE_CONCURRENCY = YES;
				SWIFT_EMIT_LOC_STRINGS = NO;
				SWIFT_UPCOMING_FEATURE_MEMBER_IMPORT_VISIBILITY = YES;
				SWIFT_VERSION = 5.0;
				TARGETED_DEVICE_FAMILY = "1,2";
				TEST_HOST = "$(BUILT_PRODUCTS_DIR)/Lyrics.app/$(BUNDLE_EXECUTABLE_FOLDER_PATH)/Lyrics";
			};
			name = Release;
		};
		385DCF6F2F6C4FB700EAEDFF /* Debug */ = {
			isa = XCBuildConfiguration;
			buildSettings = {
				CODE_SIGN_STYLE = Automatic;
				CURRENT_PROJECT_VERSION = 1;
				DEVELOPMENT_TEAM = Z8CZW36WQZ;
				GENERATE_INFOPLIST_FILE = YES;
				MARKETING_VERSION = 1.0;
				PRODUCT_BUNDLE_IDENTIFIER = com.GuilhermeViana.LyricsUITests;
				PRODUCT_NAME = "$(TARGET_NAME)";
				STRING_CATALOG_GENERATE_SYMBOLS = NO;
				SWIFT_APPROACHABLE_CONCURRENCY = YES;
				SWIFT_EMIT_LOC_STRINGS = NO;
				SWIFT_UPCOMING_FEATURE_MEMBER_IMPORT_VISIBILITY = YES;
				SWIFT_VERSION = 5.0;
				TARGETED_DEVICE_FAMILY = "1,2";
				TEST_TARGET_NAME = Lyrics;
			};
			name = Debug;
		};
		385DCF702F6C4FB700EAEDFF /* Release */ = {
			isa = XCBuildConfiguration;
			buildSettings = {
				CODE_SIGN_STYLE = Automatic;
				CURRENT_PROJECT_VERSION = 1;
				DEVELOPMENT_TEAM = Z8CZW36WQZ;
				GENERATE_INFOPLIST_FILE = YES;
				MARKETING_VERSION = 1.0;
				PRODUCT_BUNDLE_IDENTIFIER = com.GuilhermeViana.LyricsUITests;
				PRODUCT_NAME = "$(TARGET_NAME)";
				STRING_CATALOG_GENERATE_SYMBOLS = NO;
				SWIFT_APPROACHABLE_CONCURRENCY = YES;
				SWIFT_EMIT_LOC_STRINGS = NO;
				SWIFT_UPCOMING_FEATURE_MEMBER_IMPORT_VISIBILITY = YES;
				SWIFT_VERSION = 5.0;
				TARGETED_DEVICE_FAMILY = "1,2";
				TEST_TARGET_NAME = Lyrics;
			};
			name = Release;
		};
/* End XCBuildConfiguration section */

/* Begin XCConfigurationList section */
		385DCF402F6C4FB500EAEDFF /* Build configuration list for PBXProject "Lyrics" */ = {
			isa = XCConfigurationList;
			buildConfigurations = (
				385DCF662F6C4FB600EAEDFF /* Debug */,
				385DCF672F6C4FB600EAEDFF /* Release */,
			);
			defaultConfigurationIsVisible = 0;
			defaultConfigurationName = Release;
		};
		385DCF682F6C4FB700EAEDFF /* Build configuration list for PBXNativeTarget "Lyrics" */ = {
			isa = XCConfigurationList;
			buildConfigurations = (
				385DCF692F6C4FB700EAEDFF /* Debug */,
				385DCF6A2F6C4FB700EAEDFF /* Release */,
			);
			defaultConfigurationIsVisible = 0;
			defaultConfigurationName = Release;
		};
		385DCF6B2F6C4FB700EAEDFF /* Build configuration list for PBXNativeTarget "LyricsTests" */ = {
			isa = XCConfigurationList;
			buildConfigurations = (
				385DCF6C2F6C4FB700EAEDFF /* Debug */,
				385DCF6D2F6C4FB700EAEDFF /* Release */,
			);
			defaultConfigurationIsVisible = 0;
			defaultConfigurationName = Release;
		};
		385DCF6E2F6C4FB700EAEDFF /* Build configuration list for PBXNativeTarget "LyricsUITests" */ = {
			isa = XCConfigurationList;
			buildConfigurations = (
				385DCF6F2F6C4FB700EAEDFF /* Debug */,
				385DCF702F6C4FB700EAEDFF /* Release */,
			);
			defaultConfigurationIsVisible = 0;
			defaultConfigurationName = Release;
		};
/* End XCConfigurationList section */

/* Begin XCRemoteSwiftPackageReference section */
		383A22762F6F29E600ABD711 /* XCRemoteSwiftPackageReference "PhoneNumberKit" */ = {
			isa = XCRemoteSwiftPackageReference;
			repositoryURL = "https://github.com/marmelroy/PhoneNumberKit";
			requirement = {
				kind = upToNextMajorVersion;
				minimumVersion = 4.2.8;
			};
		};
/* End XCRemoteSwiftPackageReference section */

/* Begin XCSwiftPackageProductDependency section */
		3806576D2F9A9A6F00023D73 /* PhoneNumberKit */ = {
			isa = XCSwiftPackageProductDependency;
			package = 383A22762F6F29E600ABD711 /* XCRemoteSwiftPackageReference "PhoneNumberKit" */;
			productName = PhoneNumberKit;
		};
		383A22782F6F2E0D00ABD711 /* PhoneNumberKit */ = {
			isa = XCSwiftPackageProductDependency;
			package = 383A22762F6F29E600ABD711 /* XCRemoteSwiftPackageReference "PhoneNumberKit" */;
			productName = PhoneNumberKit;
		};
/* End XCSwiftPackageProductDependency section */
	};
	rootObject = 385DCF3D2F6C4FB500EAEDFF /* Project object */;
}
